
Microsoft Visual Studio Solution File, Format Version 12.00
# Visual Studio Version 16
VisualStudioVersion = 16.0.30104.148
MinimumVisualStudioVersion = 10.0.40219.1
Project("{FAE04EC0-301F-11D3-BF4B-00C04F79EFBC}") = "StrojniKniha", "StrojniKniha\StrojniKniha.csproj", "{D0287DC4-F651-4612-A998-CC5F14024CB7}"
EndProject
Global
	GlobalSection(SolutionConfigurationPlatforms) = preSolution
		Debug|Any CPU = Debug|Any CPU
		Release|Any CPU = Release|Any CPU
	EndGlobalSection
	GlobalSection(ProjectConfigurationPlatforms) = postSolution
		{D0287DC4-F651-4612-A998-CC5F14024CB7}.Debug|Any CPU.ActiveCfg = Debug|Any CPU
		{D0287DC4-F651-4612-A998-CC5F14024CB7}.Debug|Any CPU.Build.0 = Debug|Any CPU
		{D0287DC4-F651-4612-A998-CC5F14024CB7}.Release|Any CPU.ActiveCfg = Release|Any CPU
		{D0287DC4-F651-4612-A998-CC5F14024CB7}.Release|Any CPU.Build.0 = Release|Any CPU
	EndGlobalSection
	GlobalSection(SolutionProperties) = preSolution
		HideSolutionNode = FALSE
	EndGlobalSection
	GlobalSection(ExtensibilityGlobals) = postSolution
		SolutionGuid = {270F49B9-C52C-43B9-87C4-562F8C3DF582}
	EndGlobalSection
EndGlobal
